{
  "object": {
    "pins": [
      {
        "package": "LiteSupport",
        "repositoryURL": "https://github.com/MaxDesiatov/Lite.git",
        "state": {
          "branch": "basic-tsc",
          "revision": "58e50ddaec6b87c2b1fecf8c1e61ac6833424203",
          "version": null
        }
      },
      {
        "package": "Rainbow",
        "repositoryURL": "https://github.com/onevcat/Rainbow.git",
        "state": {
          "branch": null,
          "revision": "626c3d4b6b55354b4af3aa309f998fae9b31a3d9",
          "version": "3.2.0"
        }
      },
      {
        "package": "swift-argument-parser",
        "repositoryURL": "https://github.com/apple/swift-argument-parser.git",
        "state": {
          "branch": null,
          "revision": "83b23d940471b313427da226196661856f6ba3e0",
          "version": "0.4.4"
        }
      },
      {
        "package": "Benchmark",
        "repositoryURL": "https://github.com/google/swift-benchmark.git",
        "state": {
          "branch": null,
          "revision": "8e0ef8bb7482ab97dcd2cd1d6855bd38921c345d",
          "version": "0.1.0"
        }
      },
      {
        "package": "swift-parsing",
        "repositoryURL": "https://github.com/MaxDesiatov/swift-parsing.git",
        "state": {
          "branch": "maxd/windows-gha",
          "revision": "9b96d34c7649568829bcaac1fc149bea5a42f9d6",
          "version": null
        }
      },
      {
        "package": "SnapshotTesting",
        "repositoryURL": "https://github.com/pointfreeco/swift-snapshot-testing.git",
        "state": {
          "branch": null,
          "revision": "f8a9c997c3c1dab4e216a8ec9014e23144cbab37",
          "version": "1.9.0"
        }
      },
      {
        "package": "swift-tools-support-core",
        "repositoryURL": "https://github.com/apple/swift-tools-support-core.git",
        "state": {
          "branch": "maxd/basic-product",
          "revision": "0a4dc4dfec8125a8ed90a6e8dec9c1cdc0fb48ea",
          "version": null
        }
      }
    ]
  },
  "version": 1
}
